{
    "_readme": [
        "This file locks the dependencies of your project to a known state",
        "Read more about it at https://getcomposer.org/doc/01-basic-usage.md#composer-lock-the-lock-file",
        "This file is @generated automatically"
    ],
    "content-hash": "343ad58c0de939148b226b978f9a4631",
    "packages": [],
    "packages-dev": [
        {
            "name": "composer/xdebug-handler",
            "version": "1.3.0",
            "source": {
                "type": "git",
                "url": "https://github.com/composer/xdebug-handler.git",
                "reference": "b8e9745fb9b06ea6664d8872c4505fb16df4611c"
            },
            "dist": {
                "type": "zip",
                "url": "https://api.github.com/repos/composer/xdebug-handler/zipball/b8e9745fb9b06ea6664d8872c4505fb16df4611c",
                "reference": "b8e9745fb9b06ea6664d8872c4505fb16df4611c",
                "shasum": ""
            },
            "require": {
                "php": "^5.3.2 || ^7.0",
                "psr/log": "^1.0"
            },
            "require-dev": {
                "phpunit/phpunit": "^4.8.35 || ^5.7 || ^6.5"
            },
            "type": "library",
            "autoload": {
                "psr-4": {
                    "Composer\\XdebugHandler\\": "src"
                }
            },
            "notification-url": "https://packagist.org/downloads/",
            "license": [
                "MIT"
            ],
            "authors": [
                {
                    "name": "John Stevenson",
                    "email": "john-stevenson@blueyonder.co.uk"
                }
            ],
            "description": "Restarts a process without xdebug.",
            "keywords": [
                "Xdebug",
                "performance"
            ],
            "time": "2018-08-31T19:07:57+00:00"
        },
        {
            "name": "dealerdirect/phpcodesniffer-composer-installer",
            "version": "v0.4.4",
            "source": {
                "type": "git",
                "url": "https://github.com/Dealerdirect/phpcodesniffer-composer-installer.git",
                "reference": "2e41850d5f7797cbb1af7b030d245b3b24e63a08"
            },
            "dist": {
                "type": "zip",
                "url": "https://api.github.com/repos/Dealerdirect/phpcodesniffer-composer-installer/zipball/2e41850d5f7797cbb1af7b030d245b3b24e63a08",
                "reference": "2e41850d5f7797cbb1af7b030d245b3b24e63a08",
                "shasum": ""
            },
            "require": {
                "composer-plugin-api": "^1.0",
                "php": "^5.3|^7",
                "squizlabs/php_codesniffer": "*"
            },
            "require-dev": {
                "composer/composer": "*",
                "wimg/php-compatibility": "^8.0"
            },
            "suggest": {
                "dealerdirect/qa-tools": "All the PHP QA tools you'll need"
            },
            "type": "composer-plugin",
            "extra": {
                "class": "Dealerdirect\\Composer\\Plugin\\Installers\\PHPCodeSniffer\\Plugin"
            },
            "autoload": {
                "psr-4": {
                    "Dealerdirect\\Composer\\Plugin\\Installers\\PHPCodeSniffer\\": "src/"
                }
            },
            "notification-url": "https://packagist.org/downloads/",
            "license": [
                "MIT"
            ],
            "authors": [
                {
                    "name": "Franck Nijhof",
                    "email": "f.nijhof@dealerdirect.nl",
                    "homepage": "http://workingatdealerdirect.eu",
                    "role": "Developer"
                }
            ],
            "description": "PHP_CodeSniffer Standards Composer Installer Plugin",
            "homepage": "http://workingatdealerdirect.eu",
            "keywords": [
                "PHPCodeSniffer",
                "PHP_CodeSniffer",
                "code quality",
                "codesniffer",
                "composer",
                "installer",
                "phpcs",
                "plugin",
                "qa",
                "quality",
                "standard",
                "standards",
                "style guide",
                "stylecheck",
                "tests"
            ],
            "time": "2017-12-06T16:27:17+00:00"
        },
        {
            "name": "doctrine/coding-standard",
            "version": "4.0.0",
            "source": {
                "type": "git",
                "url": "https://github.com/doctrine/coding-standard.git",
                "reference": "0469c18a1a4724c278f2879c0dd7b1fa860b52de"
            },
            "dist": {
                "type": "zip",
                "url": "https://api.github.com/repos/doctrine/coding-standard/zipball/0469c18a1a4724c278f2879c0dd7b1fa860b52de",
                "reference": "0469c18a1a4724c278f2879c0dd7b1fa860b52de",
                "shasum": ""
            },
            "require": {
                "dealerdirect/phpcodesniffer-composer-installer": "^0.4.2",
                "php": "^7.1",
                "slevomat/coding-standard": "^4.5.0",
                "squizlabs/php_codesniffer": "^3.2.3"
            },
            "type": "phpcodesniffer-standard",
            "extra": {
                "branch-alias": {
                    "dev-master": "3.0.x-dev"
                }
            },
            "autoload": {
                "psr-4": {
                    "Doctrine\\Sniffs\\": "lib/Doctrine/Sniffs"
                }
            },
            "notification-url": "https://packagist.org/downloads/",
            "license": [
                "MIT"
            ],
            "authors": [
                {
                    "name": "Benjamin Eberlei",
                    "email": "kontakt@beberlei.de"
                },
                {
                    "name": "Steve Müller",
                    "email": "st.mueller@dzh-online.de"
                }
            ],
            "description": "Doctrine Coding Standard",
            "homepage": "http://www.doctrine-project.org",
            "keywords": [
                "code",
                "coding",
                "cs",
                "doctrine",
                "sniffer",
                "standard",
                "style"
            ],
            "time": "2018-03-03T23:49:15+00:00"
        },
        {
            "name": "muglug/package-versions-56",
            "version": "1.2.4",
            "source": {
                "type": "git",
                "url": "https://github.com/muglug/PackageVersions.git",
                "reference": "a67bed26deaaf9269a348e53063bc8d4dcc60ffd"
            },
            "dist": {
                "type": "zip",
                "url": "https://api.github.com/repos/muglug/PackageVersions/zipball/a67bed26deaaf9269a348e53063bc8d4dcc60ffd",
                "reference": "a67bed26deaaf9269a348e53063bc8d4dcc60ffd",
                "shasum": ""
            },
            "require": {
                "composer-plugin-api": "^1.0",
                "php": "^5.6 || ^7.0"
            },
            "require-dev": {
                "composer/composer": "^1.3",
                "ext-zip": "*",
                "phpunit/phpunit": "^5.7.5"
            },
            "type": "composer-plugin",
            "extra": {
                "class": "Muglug\\PackageVersions\\Installer",
                "branch-alias": {
                    "dev-master": "2.0.x-dev"
                }
            },
            "autoload": {
                "psr-4": {
                    "Muglug\\PackageVersions\\": "src/PackageVersions"
                }
            },
            "notification-url": "https://packagist.org/downloads/",
            "license": [
                "MIT"
            ],
            "authors": [
                {
                    "name": "Marco Pivetta",
                    "email": "ocramius@gmail.com"
                },
                {
                    "name": "Abdul Malik Ikhsan",
                    "email": "samsonasik@gmail.com"
                },
                {
                    "name": "Matt Brown",
                    "email": "github@muglug.com"
                }
            ],
            "description": "A backport of ocramius/package-versions that supports php ^5.6. Composer plugin that provides efficient querying for installed package versions (no runtime IO)",
            "time": "2018-03-26T03:22:13+00:00"
        },
        {
            "name": "nikic/php-parser",
            "version": "v4.0.4",
            "source": {
                "type": "git",
                "url": "https://github.com/nikic/PHP-Parser.git",
                "reference": "fa6ee28600d21d49b2b4e1006b48426cec8e579c"
            },
            "dist": {
                "type": "zip",
                "url": "https://api.github.com/repos/nikic/PHP-Parser/zipball/fa6ee28600d21d49b2b4e1006b48426cec8e579c",
                "reference": "fa6ee28600d21d49b2b4e1006b48426cec8e579c",
                "shasum": ""
            },
            "require": {
                "ext-tokenizer": "*",
                "php": ">=7.0"
            },
            "require-dev": {
                "phpunit/phpunit": "^6.5 || ^7.0"
            },
            "bin": [
                "bin/php-parse"
            ],
            "type": "library",
            "extra": {
                "branch-alias": {
                    "dev-master": "4.0-dev"
                }
            },
            "autoload": {
                "psr-4": {
                    "PhpParser\\": "lib/PhpParser"
                }
            },
            "notification-url": "https://packagist.org/downloads/",
            "license": [
                "BSD-3-Clause"
            ],
            "authors": [
                {
                    "name": "Nikita Popov"
                }
            ],
            "description": "A PHP parser written in PHP",
            "keywords": [
                "parser",
                "php"
            ],
            "time": "2018-09-18T07:03:24+00:00"
        },
        {
            "name": "openlss/lib-array2xml",
            "version": "0.5.1",
            "source": {
                "type": "git",
                "url": "https://github.com/nullivex/lib-array2xml.git",
                "reference": "c8b5998a342d7861f2e921403f44e0a2f3ef2be0"
            },
            "dist": {
                "type": "zip",
                "url": "https://api.github.com/repos/nullivex/lib-array2xml/zipball/c8b5998a342d7861f2e921403f44e0a2f3ef2be0",
                "reference": "c8b5998a342d7861f2e921403f44e0a2f3ef2be0",
                "shasum": ""
            },
            "require": {
                "php": ">=5.3.2"
            },
            "type": "library",
            "autoload": {
                "psr-0": {
                    "LSS": ""
                }
            },
            "notification-url": "https://packagist.org/downloads/",
            "license": [
                "Apache-2.0"
            ],
            "authors": [
                {
                    "name": "Bryan Tong",
                    "email": "contact@nullivex.com",
                    "homepage": "http://bryantong.com"
                },
                {
                    "name": "Tony Butler",
                    "email": "spudz76@gmail.com",
                    "homepage": "http://openlss.org"
                }
            ],
            "description": "Array2XML conversion library credit to lalit.org",
            "homepage": "http://openlss.org",
            "keywords": [
                "array",
                "array conversion",
                "xml",
                "xml conversion"
            ],
            "time": "2016-11-10T19:10:18+00:00"
        },
        {
            "name": "php-cs-fixer/diff",
            "version": "v1.3.0",
            "source": {
                "type": "git",
                "url": "https://github.com/PHP-CS-Fixer/diff.git",
                "reference": "78bb099e9c16361126c86ce82ec4405ebab8e756"
            },
            "dist": {
                "type": "zip",
                "url": "https://api.github.com/repos/PHP-CS-Fixer/diff/zipball/78bb099e9c16361126c86ce82ec4405ebab8e756",
                "reference": "78bb099e9c16361126c86ce82ec4405ebab8e756",
                "shasum": ""
            },
            "require": {
                "php": "^5.6 || ^7.0"
            },
            "require-dev": {
                "phpunit/phpunit": "^5.7.23 || ^6.4.3",
                "symfony/process": "^3.3"
            },
            "type": "library",
            "autoload": {
                "classmap": [
                    "src/"
                ]
            },
            "notification-url": "https://packagist.org/downloads/",
            "license": [
                "BSD-3-Clause"
            ],
            "authors": [
                {
                    "name": "Kore Nordmann",
                    "email": "mail@kore-nordmann.de"
                },
                {
                    "name": "Sebastian Bergmann",
                    "email": "sebastian@phpunit.de"
                },
                {
                    "name": "SpacePossum"
                }
            ],
            "description": "sebastian/diff v2 backport support for PHP5.6",
            "homepage": "https://github.com/PHP-CS-Fixer",
            "keywords": [
                "diff"
            ],
            "time": "2018-02-15T16:58:55+00:00"
        },
        {
            "name": "psr/log",
            "version": "1.0.2",
            "source": {
                "type": "git",
                "url": "https://github.com/php-fig/log.git",
                "reference": "4ebe3a8bf773a19edfe0a84b6585ba3d401b724d"
            },
            "dist": {
                "type": "zip",
                "url": "https://api.github.com/repos/php-fig/log/zipball/4ebe3a8bf773a19edfe0a84b6585ba3d401b724d",
                "reference": "4ebe3a8bf773a19edfe0a84b6585ba3d401b724d",
                "shasum": ""
            },
            "require": {
                "php": ">=5.3.0"
            },
            "type": "library",
            "extra": {
                "branch-alias": {
                    "dev-master": "1.0.x-dev"
                }
            },
            "autoload": {
                "psr-4": {
                    "Psr\\Log\\": "Psr/Log/"
                }
            },
            "notification-url": "https://packagist.org/downloads/",
            "license": [
                "MIT"
            ],
            "authors": [
                {
                    "name": "PHP-FIG",
                    "homepage": "http://www.php-fig.org/"
                }
            ],
            "description": "Common interface for logging libraries",
            "homepage": "https://github.com/php-fig/log",
            "keywords": [
                "log",
                "psr",
                "psr-3"
            ],
            "time": "2016-10-10T12:19:37+00:00"
        },
        {
            "name": "slevomat/coding-standard",
            "version": "4.8.0",
            "source": {
                "type": "git",
                "url": "https://github.com/slevomat/coding-standard.git",
                "reference": "7b33fb140a8ee1502754c4c8dc44c3082746f30c"
            },
            "dist": {
                "type": "zip",
                "url": "https://api.github.com/repos/slevomat/coding-standard/zipball/7b33fb140a8ee1502754c4c8dc44c3082746f30c",
                "reference": "7b33fb140a8ee1502754c4c8dc44c3082746f30c",
                "shasum": ""
            },
            "require": {
                "php": "^7.1",
                "squizlabs/php_codesniffer": "^3.3.0"
            },
            "require-dev": {
                "jakub-onderka/php-parallel-lint": "1.0.0",
                "phing/phing": "2.16.1",
                "phpstan/phpstan": "0.9.2",
                "phpstan/phpstan-phpunit": "0.9.4",
                "phpstan/phpstan-strict-rules": "0.9",
                "phpunit/phpunit": "7.3.5"
            },
            "type": "phpcodesniffer-standard",
            "autoload": {
                "psr-4": {
                    "SlevomatCodingStandard\\": "SlevomatCodingStandard"
                }
            },
            "notification-url": "https://packagist.org/downloads/",
            "license": [
                "MIT"
            ],
            "description": "Slevomat Coding Standard for PHP_CodeSniffer complements Consistence Coding Standard by providing sniffs with additional checks.",
            "time": "2018-09-19T22:49:38+00:00"
        },
        {
            "name": "squizlabs/php_codesniffer",
            "version": "3.3.1",
            "source": {
                "type": "git",
                "url": "https://github.com/squizlabs/PHP_CodeSniffer.git",
                "reference": "628a481780561150481a9ec74709092b9759b3ec"
            },
            "dist": {
                "type": "zip",
                "url": "https://api.github.com/repos/squizlabs/PHP_CodeSniffer/zipball/628a481780561150481a9ec74709092b9759b3ec",
                "reference": "628a481780561150481a9ec74709092b9759b3ec",
                "shasum": ""
            },
            "require": {
                "ext-simplexml": "*",
                "ext-tokenizer": "*",
                "ext-xmlwriter": "*",
                "php": ">=5.4.0"
            },
            "require-dev": {
                "phpunit/phpunit": "^4.0 || ^5.0 || ^6.0 || ^7.0"
            },
            "bin": [
                "bin/phpcs",
                "bin/phpcbf"
            ],
            "type": "library",
            "extra": {
                "branch-alias": {
                    "dev-master": "3.x-dev"
                }
            },
            "notification-url": "https://packagist.org/downloads/",
            "license": [
                "BSD-3-Clause"
            ],
            "authors": [
                {
                    "name": "Greg Sherwood",
                    "role": "lead"
                }
            ],
            "description": "PHP_CodeSniffer tokenizes PHP, JavaScript and CSS files and detects violations of a defined set of coding standards.",
            "homepage": "http://www.squizlabs.com/php-codesniffer",
            "keywords": [
                "phpcs",
                "standards"
            ],
            "time": "2018-07-26T23:47:18+00:00"
        },
        {
            "name": "vimeo/psalm",
            "version": "2.0.11",
            "source": {
                "type": "git",
                "url": "https://github.com/vimeo/psalm.git",
                "reference": "3e69a333c9683596ad4a4325e0039374516295a0"
            },
            "dist": {
                "type": "zip",
                "url": "https://api.github.com/repos/vimeo/psalm/zipball/3e69a333c9683596ad4a4325e0039374516295a0",
                "reference": "3e69a333c9683596ad4a4325e0039374516295a0",
                "shasum": ""
            },
            "require": {
                "composer/xdebug-handler": "^1.1",
                "muglug/package-versions-56": "1.2.4",
                "nikic/php-parser": "^4.0",
                "openlss/lib-array2xml": "^0.0.10||^0.5.1",
                "php": "^7.0",
                "php-cs-fixer/diff": "^1.2"
            },
            "provide": {
                "psalm/psalm": "self.version"
            },
            "require-dev": {
                "bamarni/composer-bin-plugin": "^1.2",
                "php-coveralls/php-coveralls": "^2.0",
                "phpunit/phpunit": "^6.0 || ^7.0",
                "squizlabs/php_codesniffer": "^3.0"
            },
            "suggest": {
                "ext-igbinary": "^2.0.5"
            },
            "bin": [
                "psalm",
                "psalter"
            ],
            "type": "library",
            "extra": {
                "branch-alias": {
                    "dev-master": "2.x-dev",
                    "dev-1.x": "1.x-dev"
                }
            },
            "autoload": {
                "psr-4": {
                    "Psalm\\": "src/Psalm"
                }
            },
            "notification-url": "https://packagist.org/downloads/",
            "license": [
                "MIT"
            ],
            "authors": [
                {
                    "name": "Matthew Brown"
                }
            ],
            "description": "A static analysis tool for finding errors in PHP applications",
            "keywords": [
                "code",
                "inspection",
                "php"
            ],
            "time": "2018-08-30T00:54:48+00:00"
        }
    ],
    "aliases": [],
    "minimum-stability": "stable",
    "stability-flags": [],
    "prefer-stable": false,
    "prefer-lowest": false,
    "platform": [],
    "platform-dev": []
}
